// !$*UTF8*$!
{
	archiveVersion = 1;
	classes = {
	};
	objectVersion = 46;
	objects = {

/* Begin PBXBuildFile section */
		AD4B08871B7A540C009902CF /* AppDelegate.swift in Sources */ = {isa = PBXBuildFile; fileRef = AD4B08861B7A540C009902CF /* AppDelegate.swift */; };
		AD4B08891B7A540C009902CF /* ViewController.swift in Sources */ = {isa = PBXBuildFile; fileRef = AD4B08881B7A540C009902CF /* ViewController.swift */; };
		AD4B088C1B7A540C009902CF /* Main.storyboard in Resources */ = {isa = PBXBuildFile; fileRef = AD4B088A1B7A540C009902CF /* Main.storyboard */; };
		AD4B088E1B7A540C009902CF /* Images.xcassets in Resources */ = {isa = PBXBuildFile; fileRef = AD4B088D1B7A540C009902CF /* Images.xcassets */; };
		AD4B08911B7A540C009902CF /* LaunchScreen.xib in Resources */ = {isa = PBXBuildFile; fileRef = AD4B088F1B7A540C009902CF /* LaunchScreen.xib */; };
		AD4B089D1B7A540C009902CF /* protoTests.swift in Sources */ = {isa = PBXBuildFile; fileRef = AD4B089C1B7A540C009902CF /* protoTests.swift */; };
		AD4B08A71B7D8745009902CF /* CoreBluetooth.framework in Frameworks */ = {isa = PBXBuildFile; fileRef = AD4B08A61B7D8745009902CF /* CoreBluetooth.framework */; };
		AD4B08A91B7D874D009902CF /* CoreLocation.framework in Frameworks */ = {isa = PBXBuildFile; fileRef = AD4B08A81B7D874D009902CF /* CoreLocation.framework */; };
/* End PBXBuildFile section */

/* Begin PBXContainerItemProxy section */
		AD4B08971B7A540C009902CF /* PBXContainerItemProxy */ = {
			isa = PBXContainerItemProxy;
			containerPortal = AD4B08791B7A540C009902CF /* Project object */;
			proxyType = 1;
			remoteGlobalIDString = AD4B08801B7A540C009902CF;
			remoteInfo = proto;
		};
/* End PBXContainerItemProxy section */

/* Begin PBXFileReference section */
		AD4B08811B7A540C009902CF /* proto.app */ = {isa = PBXFileReference; explicitFileType = wrapper.application; includeInIndex = 0; path = proto.app; sourceTree = BUILT_PRODUCTS_DIR; };
		AD4B08851B7A540C009902CF /* Info.plist */ = {isa = PBXFileReference; lastKnownFileType = text.plist.xml; path = Info.plist; sourceTree = "<group>"; };
		AD4B08861B7A540C009902CF /* AppDelegate.swift */ = {isa = PBXFileReference; lastKnownFileType = sourcecode.swift; path = AppDelegate.swift; sourceTree = "<group>"; };
		AD4B08881B7A540C009902CF /* ViewController.swift */ = {isa = PBXFileReference; lastKnownFileType = sourcecode.swift; path = ViewController.swift; sourceTree = "<group>"; };
		AD4B088B1B7A540C009902CF /* Base */ = {isa = PBXFileReference; lastKnownFileType = file.storyboard; name = Base; path = Base.lproj/Main.storyboard; sourceTree = "<group>"; };
		AD4B088D1B7A540C009902CF /* Images.xcassets */ = {isa = PBXFileReference; lastKnownFileType = folder.assetcatalog; path = Images.xcassets; sourceTree = "<group>"; };
		AD4B08901B7A540C009902CF /* Base */ = {isa = PBXFileReference; lastKnownFileType = file.xib; name = Base; path = Base.lproj/LaunchScreen.xib; sourceTree = "<group>"; };
		AD4B08961B7A540C009902CF /* protoTests.xctest */ = {isa = PBXFileReference; explicitFileType = wrapper.cfbundle; includeInIndex = 0; path = protoTests.xctest; sourceTree = BUILT_PRODUCTS_DIR; };
		AD4B089B1B7A540C009902CF /* Info.plist */ = {isa = PBXFileReference; lastKnownFileType = text.plist.xml; path = Info.plist; sourceTree = "<group>"; };
		AD4B089C1B7A540C009902CF /* protoTests.swift */ = {isa = PBXFileReference; lastKnownFileType = sourcecode.swift; path = protoTests.swift; sourceTree = "<group>"; };
		AD4B08A61B7D8745009902CF /* CoreBluetooth.framework */ = {isa = PBXFileReference; lastKnownFileType = wrapper.framework; name = CoreBluetooth.framework; path = System/Library/Frameworks/CoreBluetooth.framework; sourceTree = SDKROOT; };
		AD4B08A81B7D874D009902CF /* CoreLocation.framework */ = {isa = PBXFileReference; lastKnownFileType = wrapper.framework; name = CoreLocation.framework; path = System/Library/Frameworks/CoreLocation.framework; sourceTree = SDKROOT; };
/* End PBXFileReference section */

/* Begin PBXFrameworksBuildPhase section */
		AD4B087E1B7A540C009902CF /* Frameworks */ = {
			isa = PBXFrameworksBuildPhase;
			buildActionMask = 2147483647;
			files = (
				AD4B08A91B7D874D009902CF /* CoreLocation.framework in Frameworks */,
				AD4B08A71B7D8745009902CF /* CoreBluetooth.framework in Frameworks */,
			);
			runOnlyForDeploymentPostprocessing = 0;
		};
		AD4B08931B7A540C009902CF /* Frameworks */ = {
			isa = PBXFrameworksBuildPhase;
			buildActionMask = 2147483647;
			files = (
			);
			runOnlyForDeploymentPostprocessing = 0;
		};
/* End PBXFrameworksBuildPhase section */

/* Begin PBXGroup section */
		AD4B08781B7A540C009902CF = {
			isa = PBXGroup;
			children = (
				AD4B08A81B7D874D009902CF /* CoreLocation.framework */,
				AD4B08A61B7D8745009902CF /* CoreBluetooth.framework */,
				AD4B08831B7A540C009902CF /* proto */,
				AD4B08991B7A540C009902CF /* protoTests */,
				AD4B08821B7A540C009902CF /* Products */,
			);
			sourceTree = "<group>";
		};
		AD4B08821B7A540C009902CF /* Products */ = {
			isa = PBXGroup;
			children = (
				AD4B08811B7A540C009902CF /* proto.app */,
				AD4B08961B7A540C009902CF /* protoTests.xctest */,
			);
			name = Products;
			sourceTree = "<group>";
		};
		AD4B08831B7A540C009902CF /* proto */ = {
			isa = PBXGroup;
			children = (
				AD4B08861B7A540C009902CF /* AppDelegate.swift */,
				AD4B08881B7A540C009902CF /* ViewController.swift */,
				AD4B088A1B7A540C009902CF /* Main.storyboard */,
				AD4B088D1B7A540C009902CF /* Images.xcassets */,
				AD4B088F1B7A540C009902CF /* LaunchScreen.xib */,
				AD4B08841B7A540C009902CF /* Supporting Files */,
			);
			path = proto;
			sourceTree = "<group>";
		};
		AD4B08841B7A540C009902CF /* Supporting Files */ = {
			isa = PBXGroup;
			children = (
				AD4B08851B7A540C009902CF /* Info.plist */,
			);
			name = "Supporting Files";
			sourceTree = "<group>";
		};
		AD4B08991B7A540C009902CF /* protoTests */ = {
			isa = PBXGroup;
			children = (
				AD4B089C1B7A540C009902CF /* protoTests.swift */,
				AD4B089A1B7A540C009902CF /* Supporting Files */,
			);
			path = protoTests;
			sourceTree = "<group>";
		};
		AD4B089A1B7A540C009902CF /* Supporting Files */ = {
			isa = PBXGroup;
			children = (
				AD4B089B1B7A540C009902CF /* Info.plist */,
			);
			name = "Supporting Files";
			sourceTree = "<group>";
		};
/* End PBXGroup section */

/* Begin PBXNativeTarget section */
		AD4B08801B7A540C009902CF /* proto */ = {
			isa = PBXNativeTarget;
			buildConfigurationList = AD4B08A01B7A540C009902CF /* Build configuration list for PBXNativeTarget "proto" */;
			buildPhases = (
				AD4B087D1B7A540C009902CF /* Sources */,
				AD4B087E1B7A540C009902CF /* Frameworks */,
				AD4B087F1B7A540C009902CF /* Resources */,
			);
			buildRules = (
			);
			dependencies = (
			);
			name = proto;
			productName = proto;
			productReference = AD4B08811B7A540C009902CF /* proto.app */;
			productType = "com.apple.product-type.application";
		};
		AD4B08951B7A540C009902CF /* protoTests */ = {
			isa = PBXNativeTarget;
			buildConfigurationList = AD4B08A31B7A540C009902CF /* Build configuration list for PBXNativeTarget "protoTests" */;
			buildPhases = (
				AD4B08921B7A540C009902CF /* Sources */,
				AD4B08931B7A540C009902CF /* Frameworks */,
				AD4B08941B7A540C009902CF /* Resources */,
			);
			buildRules = (
			);
			dependencies = (
				AD4B08981B7A540C009902CF /* PBXTargetDependency */,
			);
			name = protoTests;
			productName = protoTests;
			productReference = AD4B08961B7A540C009902CF /* protoTests.xctest */;
			productType = "com.apple.product-type.bundle.unit-test";
		};
/* End PBXNativeTarget section */

/* Begin PBXProject section */
		AD4B08791B7A540C009902CF /* Project object */ = {
			isa = PBXProject;
			attributes = {
				LastSwiftUpdateCheck = 0700;
				LastUpgradeCheck = 0700;
				ORGANIZATIONNAME = ccf;
				TargetAttributes = {
					AD4B08801B7A540C009902CF = {
						CreatedOnToolsVersion = 6.4;
						DevelopmentTeam = YAT923QZWK;
					};
					AD4B08951B7A540C009902CF = {
						CreatedOnToolsVersion = 6.4;
						TestTargetID = AD4B08801B7A540C009902CF;
					};
				};
			};
			buildConfigurationList = AD4B087C1B7A540C009902CF /* Build configuration list for PBXProject "proto" */;
			compatibilityVersion = "Xcode 3.2";
			developmentRegion = English;
			hasScannedForEncodings = 0;
			knownRegions = (
				en,
				Base,
			);
			mainGroup = AD4B08781B7A540C009902CF;
			productRefGroup = AD4B08821B7A540C009902CF /* Products */;
			projectDirPath = "";
			projectRoot = "";
			targets = (
				AD4B08801B7A540C009902CF /* proto */,
				AD4B08951B7A540C009902CF /* protoTests */,
			);
		};
/* End PBXProject section */

/* Begin PBXResourcesBuildPhase section */
		AD4B087F1B7A540C009902CF /* Resources */ = {
			isa = PBXResourcesBuildPhase;
			buildActionMask = 2147483647;
			files = (
				AD4B088C1B7A540C009902CF /* Main.storyboard in Resources */,
				AD4B08911B7A540C009902CF /* LaunchScreen.xib in Resources */,
				AD4B088E1B7A540C009902CF /* Images.xcassets in Resources */,
			);
			runOnlyForDeploymentPostprocessing = 0;
		};
		AD4B08941B7A540C009902CF /* Resources */ = {
			isa = PBXResourcesBuildPhase;
			buildActionMask = 2147483647;
			files = (
			);
			runOnlyForDeploymentPostprocessing = 0;
		};
/* End PBXResourcesBuildPhase section */

/* Begin PBXSourcesBuildPhase section */
		AD4B087D1B7A540C009902CF /* Sources */ = {
			isa = PBXSourcesBuildPhase;
			buildActionMask = 2147483647;
			files = (
				AD4B08891B7A540C009902CF /* ViewController.swift in Sources */,
				AD4B08871B7A540C009902CF /* AppDelegate.swift in Sources */,
			);
			runOnlyForDeploymentPostprocessing = 0;
		};
		AD4B08921B7A540C009902CF /* Sources */ = {
			isa = PBXSourcesBuildPhase;
			buildActionMask = 2147483647;
			files = (
				AD4B089D1B7A540C009902CF /* protoTests.swift in Sources */,
			);
			runOnlyForDeploymentPostprocessing = 0;
		};
/* End PBXSourcesBuildPhase section */

/* Begin PBXTargetDependency section */
		AD4B08981B7A540C009902CF /* PBXTargetDependency */ = {
			isa = PBXTargetDependency;
			target = AD4B08801B7A540C009902CF /* proto */;
			targetProxy = AD4B08971B7A540C009902CF /* PBXContainerItemProxy */;
		};
/* End PBXTargetDependency section */

/* Begin PBXVariantGroup section */
		AD4B088A1B7A540C009902CF /* Main.storyboard */ = {
			isa = PBXVariantGroup;
			children = (
				AD4B088B1B7A540C009902CF /* Base */,
			);
			name = Main.storyboard;
			sourceTree = "<group>";
		};
		AD4B088F1B7A540C009902CF /* LaunchScreen.xib */ = {
			isa = PBXVariantGroup;
			children = (
				AD4B08901B7A540C009902CF /* Base */,
			);
			name = LaunchScreen.xib;
			sourceTree = "<group>";
		};
/* End PBXVariantGroup section */

/* Begin XCBuildConfiguration section */
		AD4B089E1B7A540C009902CF /* Debug */ = {
			isa = XCBuildConfiguration;
			buildSettings = {
				ALWAYS_SEARCH_USER_PATHS = NO;
				CLANG_CXX_LANGUAGE_STANDARD = "gnu++0x";
				CLANG_CXX_LIBRARY = "libc++";
				CLANG_ENABLE_MODULES = YES;
				CLANG_ENABLE_OBJC_ARC = YES;
				CLANG_WARN_BOOL_CONVERSION = YES;
				CLANG_WARN_CONSTANT_CONVERSION = YES;
				CLANG_WARN_DIRECT_OBJC_ISA_USAGE = YES_ERROR;
				CLANG_WARN_EMPTY_BODY = YES;
				CLANG_WARN_ENUM_CONVERSION = YES;
				CLANG_WARN_INT_CONVERSION = YES;
				CLANG_WARN_OBJC_ROOT_CLASS = YES_ERROR;
				CLANG_WARN_UNREACHABLE_CODE = YES;
				CLANG_WARN__DUPLICATE_METHOD_MATCH = YES;
				"CODE_SIGN_IDENTITY[sdk=iphoneos*]" = "iPhone Developer";
				COPY_PHASE_STRIP = NO;
				DEBUG_INFORMATION_FORMAT = "dwarf-with-dsym";
				ENABLE_STRICT_OBJC_MSGSEND = YES;
				ENABLE_TESTABILITY = YES;
				GCC_C_LANGUAGE_STANDARD = gnu99;
				GCC_DYNAMIC_NO_PIC = NO;
				GCC_NO_COMMON_BLOCKS = YES;
				GCC_OPTIMIZATION_LEVEL = 0;
				GCC_PREPROCESSOR_DEFINITIONS = (
					"DEBUG=1",
					"$(inherited)",
				);
				GCC_SYMBOLS_PRIVATE_EXTERN = NO;
				GCC_WARN_64_TO_32_BIT_CONVERSION = YES;
				GCC_WARN_ABOUT_RETURN_TYPE = YES_ERROR;
				GCC_WARN_UNDECLARED_SELECTOR = YES;
				GCC_WARN_UNINITIALIZED_AUTOS = YES_AGGRESSIVE;
				GCC_WARN_UNUSED_FUNCTION = YES;
				GCC_WARN_UNUSED_VARIABLE = YES;
				IPHONEOS_DEPLOYMENT_TARGET = 8.4;
				MTL_ENABLE_DEBUG_INFO = YES;
				ONLY_ACTIVE_ARCH = YES;
				SDKROOT = iphoneos;
				SWIFT_OPTIMIZATION_LEVEL = "-Onone";
			};
			name = Debug;
		};
		AD4B089F1B7A540C009902CF /* Release */ = {
			isa = XCBuildConfiguration;
			buildSettings = {
				ALWAYS_SEARCH_USER_PATHS = NO;
				CLANG_CXX_LANGUAGE_STANDARD = "gnu++0x";
				CLANG_CXX_LIBRARY = "libc++";
				CLANG_ENABLE_MODULES = YES;
				CLANG_ENABLE_OBJC_ARC = YES;
				CLANG_WARN_BOOL_CONVERSION = YES;
				CLANG_WARN_CONSTANT_CONVERSION = YES;
				CLANG_WARN_DIRECT_OBJC_ISA_USAGE = YES_ERROR;
				CLANG_WARN_EMPTY_BODY = YES;
				CLANG_WARN_ENUM_CONVERSION = YES;
				CLANG_WARN_INT_CONVERSION = YES;
				CLANG_WARN_OBJC_ROOT_CLASS = YES_ERROR;
				CLANG_WARN_UNREACHABLE_CODE = YES;
				CLANG_WARN__DUPLICATE_METHOD_MATCH = YES;
				"CODE_SIGN_IDENTITY[sdk=iphoneos*]" = "iPhone Developer";
				COPY_PHASE_STRIP = NO;
				DEBUG_INFORMATION_FORMAT = "dwarf-with-dsym";
				ENABLE_NS_ASSERTIONS = NO;
				ENABLE_STRICT_OBJC_MSGSEND = YES;
				GCC_C_LANGUAGE_STANDARD = gnu99;
				GCC_NO_COMMON_BLOCKS = YES;
				GCC_WARN_64_TO_32_BIT_CONVERSION = YES;
				GCC_WARN_ABOUT_RETURN_TYPE = YES_ERROR;
				GCC_WARN_UNDECLARED_SELECTOR = YES;
				GCC_WARN_UNINITIALIZED_AUTOS = YES_AGGRESSIVE;
				GCC_WARN_UNUSED_FUNCTION = YES;
				GCC_WARN_UNUSED_VARIABLE = YES;
				IPHONEOS_DEPLOYMENT_TARGET = 8.4;
				MTL_ENABLE_DEBUG_INFO = NO;
				SDKROOT = iphoneos;
				VALIDATE_PRODUCT = YES;
			};
			name = Release;
		};
		AD4B08A11B7A540C009902CF /* Debug */ = {
			isa = XCBuildConfiguration;
			buildSettings = {
				ASSETCATALOG_COMPILER_APPICON_NAME = AppIcon;
				CODE_SIGN_IDENTITY = "iPhone Developer";
				INFOPLIST_FILE = proto/Info.plist;
				LD_RUNPATH_SEARCH_PATHS = "$(inherited) @executable_path/Frameworks";
				PRODUCT_BUNDLE_IDENTIFIER = protoccf;
				PRODUCT_NAME = "$(TARGET_NAME)";
			};
			name = Debug;
		};
		AD4B08A21B7A540C009902CF /* Release */ = {
			isa = XCBuildConfiguration;
			buildSettings = {
				ASSETCATALOG_COMPILER_APPICON_NAME = AppIcon;
				CODE_SIGN_IDENTITY = "iPhone Developer";
				INFOPLIST_FILE = proto/Info.plist;
				LD_RUNPATH_SEARCH_PATHS = "$(inherited) @executable_path/Frameworks";
				PRODUCT_BUNDLE_IDENTIFIER = protoccf;
				PRODUCT_NAME = "$(TARGET_NAME)";
			};
			name = Release;
		};
		AD4B08A41B7A540C009902CF /* Debug */ = {
			isa = XCBuildConfiguration;
			buildSettings = {
				BUNDLE_LOADER = "$(TEST_HOST)";
				FRAMEWORK_SEARCH_PATHS = (
					"$(SDKROOT)/Developer/Library/Frameworks",
					"$(inherited)",
				);
				GCC_PREPROCESSOR_DEFINITIONS = (
					"DEBUG=1",
					"$(inherited)",
				);
				INFOPLIST_FILE = protoTests/Info.plist;
				LD_RUNPATH_SEARCH_PATHS = "$(inherited) @executable_path/Frameworks @loader_path/Frameworks";
				PRODUCT_BUNDLE_IDENTIFIER = "ccf.$(PRODUCT_NAME:rfc1034identifier)";
				PRODUCT_NAME = "$(TARGET_NAME)";
				TEST_HOST = "$(BUILT_PRODUCTS_DIR)/proto.app/proto";
			};
			name = Debug;
		};
		AD4B08A51B7A540C009902CF /* Release */ = {
			isa = XCBuildConfiguration;
			buildSettings = {
				BUNDLE_LOADER = "$(TEST_HOST)";
				FRAMEWORK_SEARCH_PATHS = (
					"$(SDKROOT)/Developer/Library/Frameworks",
					"$(inherited)",
				);
				INFOPLIST_FILE = protoTests/Info.plist;
				LD_RUNPATH_SEARCH_PATHS = "$(inherited) @executable_path/Frameworks @loader_path/Frameworks";
				PRODUCT_BUNDLE_IDENTIFIER = "ccf.$(PRODUCT_NAME:rfc1034identifier)";
				PRODUCT_NAME = "$(TARGET_NAME)";
				TEST_HOST = "$(BUILT_PRODUCTS_DIR)/proto.app/proto";
			};
			name = Release;
		};
/* End XCBuildConfiguration section */

/* Begin XCConfigurationList section */
		AD4B087C1B7A540C009902CF /* Build configuration list for PBXProject "proto" */ = {
			isa = XCConfigurationList;
			buildConfigurations = (
				AD4B089E1B7A540C009902CF /* Debug */,
				AD4B089F1B7A540C009902CF /* Release */,
			);
			defaultConfigurationIsVisible = 0;
			defaultConfigurationName = Release;
		};
		AD4B08A01B7A540C009902CF /* Build configuration list for PBXNativeTarget "proto" */ = {
			isa = XCConfigurationList;
			buildConfigurations = (
				AD4B08A11B7A540C009902CF /* Debug */,
				AD4B08A21B7A540C009902CF /* Release */,
			);
			defaultConfigurationIsVisible = 0;
			defaultConfigurationName = Release;
		};
		AD4B08A31B7A540C009902CF /* Build configuration list for PBXNativeTarget "protoTests" */ = {
			isa = XCConfigurationList;
			buildConfigurations = (
				AD4B08A41B7A540C009902CF /* Debug */,
				AD4B08A51B7A540C009902CF /* Release */,
			);
			defaultConfigurationIsVisible = 0;
			defaultConfigurationName = Release;
		};
/* End XCConfigurationList section */
	};
	rootObject = AD4B08791B7A540C009902CF /* Project object */;
}
